<Project xmlns="http://schemas.microsoft.com/developer/msbuild/2003">
    <PropertyGroup>
        <ProjectGuid>{B6E57E9F-72D4-4644-9B13-ABEF8EBDDA0E}</ProjectGuid>
        <MainSource>GMLib_DXE6.dpk</MainSource>
        <ProjectVersion>15.4</ProjectVersion>
        <FrameworkType>None</FrameworkType>
        <Base>True</Base>
        <Config Condition="'$(Config)'==''">Debug</Config>
        <Platform Condition="'$(Platform)'==''">Win32</Platform>
        <TargetedPlatforms>3</TargetedPlatforms>
        <AppType>Package</AppType>
    </PropertyGroup>
    <PropertyGroup Condition="'$(Config)'=='Base' or '$(Base)'!=''">
        <Base>true</Base>
    </PropertyGroup>
    <PropertyGroup Condition="('$(Platform)'=='Android' and '$(Base)'=='true') or '$(Base_Android)'!=''">
        <Base_Android>true</Base_Android>
        <CfgParent>Base</CfgParent>
        <Base>true</Base>
    </PropertyGroup>
    <PropertyGroup Condition="('$(Platform)'=='iOSDevice' and '$(Base)'=='true') or '$(Base_iOSDevice)'!=''">
        <Base_iOSDevice>true</Base_iOSDevice>
        <CfgParent>Base</CfgParent>
        <Base>true</Base>
    </PropertyGroup>
    <PropertyGroup Condition="('$(Platform)'=='iOSSimulator' and '$(Base)'=='true') or '$(Base_iOSSimulator)'!=''">
        <Base_iOSSimulator>true</Base_iOSSimulator>
        <CfgParent>Base</CfgParent>
        <Base>true</Base>
    </PropertyGroup>
    <PropertyGroup Condition="('$(Platform)'=='OSX32' and '$(Base)'=='true') or '$(Base_OSX32)'!=''">
        <Base_OSX32>true</Base_OSX32>
        <CfgParent>Base</CfgParent>
        <Base>true</Base>
    </PropertyGroup>
    <PropertyGroup Condition="('$(Platform)'=='Win32' and '$(Base)'=='true') or '$(Base_Win32)'!=''">
        <Base_Win32>true</Base_Win32>
        <CfgParent>Base</CfgParent>
        <Base>true</Base>
    </PropertyGroup>
    <PropertyGroup Condition="('$(Platform)'=='Win64' and '$(Base)'=='true') or '$(Base_Win64)'!=''">
        <Base_Win64>true</Base_Win64>
        <CfgParent>Base</CfgParent>
        <Base>true</Base>
    </PropertyGroup>
    <PropertyGroup Condition="'$(Config)'=='Debug' or '$(Cfg_1)'!=''">
        <Cfg_1>true</Cfg_1>
        <CfgParent>Base</CfgParent>
        <Base>true</Base>
    </PropertyGroup>
    <PropertyGroup Condition="('$(Platform)'=='Win32' and '$(Cfg_1)'=='true') or '$(Cfg_1_Win32)'!=''">
        <Cfg_1_Win32>true</Cfg_1_Win32>
        <CfgParent>Cfg_1</CfgParent>
        <Cfg_1>true</Cfg_1>
        <Base>true</Base>
    </PropertyGroup>
    <PropertyGroup Condition="'$(Config)'=='Release' or '$(Cfg_2)'!=''">
        <Cfg_2>true</Cfg_2>
        <CfgParent>Base</CfgParent>
        <Base>true</Base>
    </PropertyGroup>
    <PropertyGroup Condition="'$(Base)'!=''">
        <DCC_CBuilderOutput>All</DCC_CBuilderOutput>
        <GenPackage>true</GenPackage>
        <DCC_Namespace>System;Xml;Data;Datasnap;Web;Soap;$(DCC_Namespace)</DCC_Namespace>
        <GenDll>true</GenDll>
        <SanitizedProjectName>GMLib_DXE6</SanitizedProjectName>
        <DCC_DcuOutput>.\$(Platform)\$(Config)</DCC_DcuOutput>
        <DCC_ExeOutput>.\$(Platform)\$(Config)</DCC_ExeOutput>
        <DCC_E>false</DCC_E>
        <DCC_N>false</DCC_N>
        <DCC_S>false</DCC_S>
        <DCC_F>false</DCC_F>
        <DCC_K>false</DCC_K>
    </PropertyGroup>
    <PropertyGroup Condition="'$(Base_Android)'!=''">
        <DCC_UsePackage>xmlrtl;rtl;dbrtl;$(DCC_UsePackage)</DCC_UsePackage>
        <DCC_CBuilderOutput>None</DCC_CBuilderOutput>
    </PropertyGroup>
    <PropertyGroup Condition="'$(Base_iOSDevice)'!=''">
        <DCC_UsePackage>xmlrtl;rtl;dbrtl;$(DCC_UsePackage)</DCC_UsePackage>
        <DCC_CBuilderOutput>None</DCC_CBuilderOutput>
    </PropertyGroup>
    <PropertyGroup Condition="'$(Base_iOSSimulator)'!=''">
        <DCC_UsePackage>xmlrtl;rtl;dbrtl;$(DCC_UsePackage)</DCC_UsePackage>
        <DCC_CBuilderOutput>None</DCC_CBuilderOutput>
    </PropertyGroup>
    <PropertyGroup Condition="'$(Base_OSX32)'!=''">
        <DCC_UsePackage>xmlrtl;rtl;dbrtl;$(DCC_UsePackage)</DCC_UsePackage>
    </PropertyGroup>
    <PropertyGroup Condition="'$(Base_Win32)'!=''">
        <DCC_HppOutput>..\lib\CXE6</DCC_HppOutput>
        <DCC_ObjOutput>..\lib\CXE6</DCC_ObjOutput>
        <DCC_UsePackage>xmlrtl;rtl;dbrtl;$(DCC_UsePackage)</DCC_UsePackage>
        <DCC_BpiOutput>..\lib\CXE6</DCC_BpiOutput>
        <DCC_UnitSearchPath>..\lib\DXE6;$(DCC_UnitSearchPath)</DCC_UnitSearchPath>
        <DCC_DcpOutput>..\lib\DXE6</DCC_DcpOutput>
        <DCC_DcuOutput>..\lib\DXE6</DCC_DcuOutput>
        <DCC_Description>GoogleMaps Library v1.5.3 (Copyright © Xavier Martínez - cadetill)</DCC_Description>
        <VerInfo_MajorVer>0</VerInfo_MajorVer>
        <VerInfo_MinorVer>1</VerInfo_MinorVer>
        <VerInfo_Release>5</VerInfo_Release>
        <VerInfo_Locale>1033</VerInfo_Locale>
        <DCC_Namespace>Winapi;System.Win;Data.Win;Datasnap.Win;Web.Win;Soap.Win;Xml.Win;Bde;$(DCC_Namespace)</DCC_Namespace>
        <VerInfo_IncludeVerInfo>true</VerInfo_IncludeVerInfo>
        <VerInfo_Keys>CompanyName=www.cadetill.com;FileDescription=;FileVersion=0.1.5.3;InternalName=GMLib;LegalCopyright=Copyright © Xavier Martínez - cadetill;LegalTrademarks=;OriginalFilename=;ProductName=GoogleMaps Library;ProductVersion=0.1.5.3;Comments=</VerInfo_Keys>
    </PropertyGroup>
    <PropertyGroup Condition="'$(Base_Win64)'!=''">
        <DCC_BpiOutput>..\lib\CXE6_64</DCC_BpiOutput>
        <DCC_HppOutput>..\lib\CXE6_64</DCC_HppOutput>
        <DCC_ObjOutput>..\lib\CXE6_64</DCC_ObjOutput>
        <DCC_DcuOutput>..\lib\DXE6_64</DCC_DcuOutput>
        <DCC_Namespace>Winapi;System.Win;Data.Win;Datasnap.Win;Web.Win;Soap.Win;Xml.Win;$(DCC_Namespace)</DCC_Namespace>
        <DCC_UnitSearchPath>..\lib\DXE6_64;$(DCC_UnitSearchPath)</DCC_UnitSearchPath>
        <DCC_DcpOutput>..\lib\DXE6_64</DCC_DcpOutput>
        <DCC_UsePackage>xmlrtl;rtl;dbrtl;$(DCC_UsePackage)</DCC_UsePackage>
        <VerInfo_MajorVer>0</VerInfo_MajorVer>
        <VerInfo_MinorVer>1</VerInfo_MinorVer>
        <DCC_Description>GoogleMaps Library v1.5.3 (Copyright © Xavier Martínez - cadetill)</DCC_Description>
        <VerInfo_IncludeVerInfo>true</VerInfo_IncludeVerInfo>
        <VerInfo_Locale>1033</VerInfo_Locale>
        <VerInfo_Release>5</VerInfo_Release>
        <VerInfo_Keys>CompanyName=www.cadetill.com;FileDescription=;FileVersion=0.1.5.3;InternalName=GMLib;LegalCopyright=Copyright © Xavier Martínez - cadetill;LegalTrademarks=;OriginalFilename=;ProductName=GoogleMaps Library;ProductVersion=0.1.5.3;Comments=</VerInfo_Keys>
    </PropertyGroup>
    <PropertyGroup Condition="'$(Cfg_1)'!=''">
        <DCC_Define>DEBUG;$(DCC_Define)</DCC_Define>
        <DCC_DebugDCUs>true</DCC_DebugDCUs>
        <DCC_Optimize>false</DCC_Optimize>
        <DCC_GenerateStackFrames>true</DCC_GenerateStackFrames>
        <DCC_DebugInfoInExe>true</DCC_DebugInfoInExe>
        <DCC_RemoteDebug>true</DCC_RemoteDebug>
    </PropertyGroup>
    <PropertyGroup Condition="'$(Cfg_1_Win32)'!=''">
        <VerInfo_Locale>1033</VerInfo_Locale>
        <VerInfo_IncludeVerInfo>true</VerInfo_IncludeVerInfo>
        <DCC_RemoteDebug>false</DCC_RemoteDebug>
    </PropertyGroup>
    <PropertyGroup Condition="'$(Cfg_2)'!=''">
        <DCC_LocalDebugSymbols>false</DCC_LocalDebugSymbols>
        <DCC_Define>RELEASE;$(DCC_Define)</DCC_Define>
        <DCC_SymbolReferenceInfo>0</DCC_SymbolReferenceInfo>
        <DCC_DebugInformation>0</DCC_DebugInformation>
    </PropertyGroup>
    <ItemGroup>
        <DelphiCompile Include="$(MainSource)">
            <MainSource>MainSource</MainSource>
        </DelphiCompile>
        <DCCReference Include="..\Resources\gmlibres.RES"/>
        <DCCReference Include="rtl.dcp"/>
        <DCCReference Include="xmlrtl.dcp"/>
        <DCCReference Include="dbrtl.dcp"/>
        <DCCReference Include="..\src\GMCircle.pas"/>
        <DCCReference Include="..\src\GMClasses.pas"/>
        <DCCReference Include="..\src\GMConstants.pas"/>
        <DCCReference Include="..\src\GMDirection.pas"/>
        <DCCReference Include="..\src\GMElevation.pas"/>
        <DCCReference Include="..\src\GMFunctions.pas"/>
        <DCCReference Include="..\src\GMGeoCode.pas"/>
        <DCCReference Include="..\src\GMGroundOverlay.pas"/>
        <DCCReference Include="..\src\GMHeatmap.pas"/>
        <DCCReference Include="..\src\GMInfoWindow.pas"/>
        <DCCReference Include="..\src\GMLinkedComponents.pas"/>
        <DCCReference Include="..\src\GMMap.pas"/>
        <DCCReference Include="..\src\GMMarker.pas"/>
        <DCCReference Include="..\src\GMPolyline.pas"/>
        <DCCReference Include="..\src\GMRectangle.pas"/>
        <DCCReference Include="..\src\Lang.pas"/>
        <DCCReference Include="..\src\RegisterComp.pas"/>
        <DCCReference Include="..\src\WebControl.pas"/>
        <BuildConfiguration Include="Release">
            <Key>Cfg_2</Key>
            <CfgParent>Base</CfgParent>
        </BuildConfiguration>
        <BuildConfiguration Include="Base">
            <Key>Base</Key>
        </BuildConfiguration>
        <BuildConfiguration Include="Debug">
            <Key>Cfg_1</Key>
            <CfgParent>Base</CfgParent>
        </BuildConfiguration>
    </ItemGroup>
    <ProjectExtensions>
        <Borland.Personality>Delphi.Personality.12</Borland.Personality>
        <Borland.ProjectType>Package</Borland.ProjectType>
        <BorlandProject>
            <Delphi.Personality>
                <Source>
                    <Source Name="MainSource">GMLib_DXE6.dpk</Source>
                </Source>
                <Excluded_Packages>
                    <Excluded_Packages Name="$(BDSBIN)\bcboffice2k200.bpl">Embarcadero C++Builder Office 2000 Servers Package</Excluded_Packages>
                    <Excluded_Packages Name="$(BDSBIN)\bcbofficexp200.bpl">Embarcadero C++Builder Office XP Servers Package</Excluded_Packages>
                    <Excluded_Packages Name="$(BDSBIN)\dcloffice2k200.bpl">Microsoft Office 2000 Sample Automation Server Wrapper Components</Excluded_Packages>
                    <Excluded_Packages Name="$(BDSBIN)\dclofficexp200.bpl">Microsoft Office XP Sample Automation Server Wrapper Components</Excluded_Packages>
                </Excluded_Packages>
            </Delphi.Personality>
            <Deployment/>
            <Platforms>
                <Platform value="Android">False</Platform>
                <Platform value="iOSDevice">False</Platform>
                <Platform value="iOSSimulator">False</Platform>
                <Platform value="OSX32">False</Platform>
                <Platform value="Win32">True</Platform>
                <Platform value="Win64">True</Platform>
            </Platforms>
        </BorlandProject>
        <ProjectFileVersion>12</ProjectFileVersion>
    </ProjectExtensions>
    <Import Project="$(BDS)\Bin\CodeGear.Delphi.Targets" Condition="Exists('$(BDS)\Bin\CodeGear.Delphi.Targets')"/>
    <Import Project="$(APPDATA)\Embarcadero\$(BDSAPPDATABASEDIR)\$(PRODUCTVERSION)\UserTools.proj" Condition="Exists('$(APPDATA)\Embarcadero\$(BDSAPPDATABASEDIR)\$(PRODUCTVERSION)\UserTools.proj')"/>
</Project>
